
Microsoft Visual Studio Solution File, Format Version 12.00
# Visual Studio Version 17
VisualStudioVersion = 17.0.31903.59
MinimumVisualStudioVersion = 10.0.40219.1
Project("{2150E333-8FDC-42A3-9474-1A3956D46DE8}") = "src", "src", "{412F6DCE-C680-4C66-A7EE-B80C0B02F610}"
EndProject
Project("{FAE04EC0-301F-11D3-BF4B-00C04F79EFBC}") = "Domain", "src\Domain\Domain.csproj", "{8297DAB9-B528-4C19-8AF7-AF4F156EB67F}"
EndProject
Project("{FAE04EC0-301F-11D3-BF4B-00C04F79EFBC}") = "Application", "src\Application\Application.csproj", "{6C54DCA5-02BC-44E9-9D6B-3D823517503E}"
EndProject
Project("{FAE04EC0-301F-11D3-BF4B-00C04F79EFBC}") = "Infrastructure", "src\Infrastructure\Infrastructure.csproj", "{EBECB68A-FD0B-4ABD-94B2-86E8C4C44091}"
EndProject
Project("{FAE04EC0-301F-11D3-BF4B-00C04F79EFBC}") = "Api", "src\Api\Api.csproj", "{8501C663-9F54-40CB-A35B-6C795E898A9F}"
EndProject
Global
	GlobalSection(SolutionConfigurationPlatforms) = preSolution
		Debug|Any CPU = Debug|Any CPU
		Release|Any CPU = Release|Any CPU
	EndGlobalSection
	GlobalSection(SolutionProperties) = preSolution
		HideSolutionNode = FALSE
	EndGlobalSection
	GlobalSection(ProjectConfigurationPlatforms) = postSolution
		{8297DAB9-B528-4C19-8AF7-AF4F156EB67F}.Debug|Any CPU.ActiveCfg = Debug|Any CPU
		{8297DAB9-B528-4C19-8AF7-AF4F156EB67F}.Debug|Any CPU.Build.0 = Debug|Any CPU
		{8297DAB9-B528-4C19-8AF7-AF4F156EB67F}.Release|Any CPU.ActiveCfg = Release|Any CPU
		{8297DAB9-B528-4C19-8AF7-AF4F156EB67F}.Release|Any CPU.Build.0 = Release|Any CPU
		{6C54DCA5-02BC-44E9-9D6B-3D823517503E}.Debug|Any CPU.ActiveCfg = Debug|Any CPU
		{6C54DCA5-02BC-44E9-9D6B-3D823517503E}.Debug|Any CPU.Build.0 = Debug|Any CPU
		{6C54DCA5-02BC-44E9-9D6B-3D823517503E}.Release|Any CPU.ActiveCfg = Release|Any CPU
		{6C54DCA5-02BC-44E9-9D6B-3D823517503E}.Release|Any CPU.Build.0 = Release|Any CPU
		{EBECB68A-FD0B-4ABD-94B2-86E8C4C44091}.Debug|Any CPU.ActiveCfg = Debug|Any CPU
		{EBECB68A-FD0B-4ABD-94B2-86E8C4C44091}.Debug|Any CPU.Build.0 = Debug|Any CPU
		{EBECB68A-FD0B-4ABD-94B2-86E8C4C44091}.Release|Any CPU.ActiveCfg = Release|Any CPU
		{EBECB68A-FD0B-4ABD-94B2-86E8C4C44091}.Release|Any CPU.Build.0 = Release|Any CPU
		{8501C663-9F54-40CB-A35B-6C795E898A9F}.Debug|Any CPU.ActiveCfg = Debug|Any CPU
		{8501C663-9F54-40CB-A35B-6C795E898A9F}.Debug|Any CPU.Build.0 = Debug|Any CPU
		{8501C663-9F54-40CB-A35B-6C795E898A9F}.Release|Any CPU.ActiveCfg = Release|Any CPU
		{8501C663-9F54-40CB-A35B-6C795E898A9F}.Release|Any CPU.Build.0 = Release|Any CPU
	EndGlobalSection
	GlobalSection(NestedProjects) = preSolution
		{8297DAB9-B528-4C19-8AF7-AF4F156EB67F} = {412F6DCE-C680-4C66-A7EE-B80C0B02F610}
		{6C54DCA5-02BC-44E9-9D6B-3D823517503E} = {412F6DCE-C680-4C66-A7EE-B80C0B02F610}
		{EBECB68A-FD0B-4ABD-94B2-86E8C4C44091} = {412F6DCE-C680-4C66-A7EE-B80C0B02F610}
		{8501C663-9F54-40CB-A35B-6C795E898A9F} = {412F6DCE-C680-4C66-A7EE-B80C0B02F610}
	EndGlobalSection
EndGlobal
